
Microsoft Visual Studio Solution File, Format Version 12.00
# Visual Studio Version 17
VisualStudioVersion = 17.4.33213.308
MinimumVisualStudioVersion = 10.0.40219.1
Project("{FAE04EC0-301F-11D3-BF4B-00C04F79EFBC}") = "ConsoleApp1", "ConsoleApp1\ConsoleApp1.csproj", "{494DECB1-3210-4A8B-B9D0-A5F284CCBF1C}"
EndProject
Project("{FAE04EC0-301F-11D3-BF4B-00C04F79EFBC}") = "pr 8", "pr 8\pr 8.csproj", "{784EE689-7E6B-48E8-9B53-C8BD236EF021}"
EndProject
Project("{FAE04EC0-301F-11D3-BF4B-00C04F79EFBC}") = "pr 9", "pr 9\pr 9.csproj", "{32E359B0-BDC6-445E-9E3C-02FF75BFBC76}"
EndProject
Global
	GlobalSection(SolutionConfigurationPlatforms) = preSolution
		Debug|Any CPU = Debug|Any CPU
		Release|Any CPU = Release|Any CPU
	EndGlobalSection
	GlobalSection(ProjectConfigurationPlatforms) = postSolution
		{494DECB1-3210-4A8B-B9D0-A5F284CCBF1C}.Debug|Any CPU.ActiveCfg = Debug|Any CPU
		{494DECB1-3210-4A8B-B9D0-A5F284CCBF1C}.Debug|Any CPU.Build.0 = Debug|Any CPU
		{494DECB1-3210-4A8B-B9D0-A5F284CCBF1C}.Release|Any CPU.ActiveCfg = Release|Any CPU
		{494DECB1-3210-4A8B-B9D0-A5F284CCBF1C}.Release|Any CPU.Build.0 = Release|Any CPU
		{784EE689-7E6B-48E8-9B53-C8BD236EF021}.Debug|Any CPU.ActiveCfg = Debug|Any CPU
		{784EE689-7E6B-48E8-9B53-C8BD236EF021}.Debug|Any CPU.Build.0 = Debug|Any CPU
		{784EE689-7E6B-48E8-9B53-C8BD236EF021}.Release|Any CPU.ActiveCfg = Release|Any CPU
		{784EE689-7E6B-48E8-9B53-C8BD236EF021}.Release|Any CPU.Build.0 = Release|Any CPU
		{32E359B0-BDC6-445E-9E3C-02FF75BFBC76}.Debug|Any CPU.ActiveCfg = Debug|Any CPU
		{32E359B0-BDC6-445E-9E3C-02FF75BFBC76}.Debug|Any CPU.Build.0 = Debug|Any CPU
		{32E359B0-BDC6-445E-9E3C-02FF75BFBC76}.Release|Any CPU.ActiveCfg = Release|Any CPU
		{32E359B0-BDC6-445E-9E3C-02FF75BFBC76}.Release|Any CPU.Build.0 = Release|Any CPU
	EndGlobalSection
	GlobalSection(SolutionProperties) = preSolution
		HideSolutionNode = FALSE
	EndGlobalSection
	GlobalSection(ExtensibilityGlobals) = postSolution
		SolutionGuid = {468F6E38-7D87-4B5D-8CD4-EA4F81E7A41E}
	EndGlobalSection
EndGlobal
